
Microsoft Visual Studio Solution File, Format Version 12.00
# Visual Studio 15
VisualStudioVersion = 15.0.28010.2048
MinimumVisualStudioVersion = 10.0.40219.1
Project("{FAE04EC0-301F-11D3-BF4B-00C04F79EFBC}") = "immo", "immo\immo.csproj", "{37C27959-3884-4006-BF5D-13A864106FA4}"
EndProject
Project("{FAE04EC0-301F-11D3-BF4B-00C04F79EFBC}") = "immo.Tests", "immo.Tests\immo.Tests.csproj", "{AC3066A7-E62A-4DF4-B4FA-B08AA1081B9C}"
EndProject
Global
	GlobalSection(SolutionConfigurationPlatforms) = preSolution
		Debug|Any CPU = Debug|Any CPU
		Release|Any CPU = Release|Any CPU
	EndGlobalSection
	GlobalSection(ProjectConfigurationPlatforms) = postSolution
		{37C27959-3884-4006-BF5D-13A864106FA4}.Debug|Any CPU.ActiveCfg = Debug|Any CPU
		{37C27959-3884-4006-BF5D-13A864106FA4}.Debug|Any CPU.Build.0 = Debug|Any CPU
		{37C27959-3884-4006-BF5D-13A864106FA4}.Release|Any CPU.ActiveCfg = Release|Any CPU
		{37C27959-3884-4006-BF5D-13A864106FA4}.Release|Any CPU.Build.0 = Release|Any CPU
		{AC3066A7-E62A-4DF4-B4FA-B08AA1081B9C}.Debug|Any CPU.ActiveCfg = Debug|Any CPU
		{AC3066A7-E62A-4DF4-B4FA-B08AA1081B9C}.Debug|Any CPU.Build.0 = Debug|Any CPU
		{AC3066A7-E62A-4DF4-B4FA-B08AA1081B9C}.Release|Any CPU.ActiveCfg = Release|Any CPU
		{AC3066A7-E62A-4DF4-B4FA-B08AA1081B9C}.Release|Any CPU.Build.0 = Release|Any CPU
	EndGlobalSection
	GlobalSection(SolutionProperties) = preSolution
		HideSolutionNode = FALSE
	EndGlobalSection
	GlobalSection(ExtensibilityGlobals) = postSolution
		SolutionGuid = {56BF689A-61FD-4217-A8A1-9B20AF9E84F1}
	EndGlobalSection
EndGlobal
